// !$*UTF8*$!
{
	archiveVersion = 1;
	classes = {
	};
	objectVersion = 46;
	objects = {

/* Begin PBXBuildFile section */
		24088BEF18EDE9650081312A /* CoreLocation.framework in Frameworks */ = {isa = PBXBuildFile; fileRef = 24088BEE18EDE9650081312A /* CoreLocation.framework */; };
		240E90F618EB3FF6000FF2BA /* CoreData.framework in Frameworks */ = {isa = PBXBuildFile; fileRef = 240E90F518EB3FF6000FF2BA /* CoreData.framework */; };
		240E90F918EB4018000FF2BA /* PcycleModel.xcdatamodeld in Sources */ = {isa = PBXBuildFile; fileRef = 240E90F718EB4018000FF2BA /* PcycleModel.xcdatamodeld */; };
		240E90FC18EB66B3000FF2BA /* PUser.m in Sources */ = {isa = PBXBuildFile; fileRef = 240E90FB18EB66B3000FF2BA /* PUser.m */; };
		240E90FF18EB66B4000FF2BA /* PCyclingData.m in Sources */ = {isa = PBXBuildFile; fileRef = 240E90FE18EB66B4000FF2BA /* PCyclingData.m */; };
		240E910218EB66B4000FF2BA /* PCycleRecord.m in Sources */ = {isa = PBXBuildFile; fileRef = 240E910118EB66B4000FF2BA /* PCycleRecord.m */; };
		240E910418EBC6AF000FF2BA /* Stop.png in Resources */ = {isa = PBXBuildFile; fileRef = 240E910318EBC6AF000FF2BA /* Stop.png */; };
		24A029F518DE1AE400CE993E /* SlidingPanelController.m in Sources */ = {isa = PBXBuildFile; fileRef = 24A029F218DE1AE400CE993E /* SlidingPanelController.m */; };
		24A029F618DE1AE400CE993E /* UIViewController+SlidingPanel.m in Sources */ = {isa = PBXBuildFile; fileRef = 24A029F418DE1AE400CE993E /* UIViewController+SlidingPanel.m */; };
		24A02A0118DE8EDB00CE993E /* PcycleSlidingPanelController.m in Sources */ = {isa = PBXBuildFile; fileRef = 24A02A0018DE8EDB00CE993E /* PcycleSlidingPanelController.m */; };
		24A02A0518DE9AE900CE993E /* SlidingBaseViewController.m in Sources */ = {isa = PBXBuildFile; fileRef = 24A02A0418DE9AE900CE993E /* SlidingBaseViewController.m */; };
		24A02A1118DE9E2700CE993E /* SlidingCenterViewController.m in Sources */ = {isa = PBXBuildFile; fileRef = 24A02A1018DE9E2700CE993E /* SlidingCenterViewController.m */; };
		24A02A1318DE9E7100CE993E /* SlidingLeftViewController.m in Sources */ = {isa = PBXBuildFile; fileRef = 24A02A1218DE9E7100CE993E /* SlidingLeftViewController.m */; };
		24A02A1718DE9F1700CE993E /* SlidingRightViewController.m in Sources */ = {isa = PBXBuildFile; fileRef = 24A02A1618DE9F1700CE993E /* SlidingRightViewController.m */; };
		24A02A1B18DFED9800CE993E /* CenterPanelTitle.png in Resources */ = {isa = PBXBuildFile; fileRef = 24A02A1A18DFED9800CE993E /* CenterPanelTitle.png */; };
		24A02A1E18E002A000CE993E /* Moreservice.png in Resources */ = {isa = PBXBuildFile; fileRef = 24A02A1C18E002A000CE993E /* Moreservice.png */; };
		24A02A1F18E002A000CE993E /* Synchronization.png in Resources */ = {isa = PBXBuildFile; fileRef = 24A02A1D18E002A000CE993E /* Synchronization.png */; };
		24A02A2118E0176300CE993E /* PcycleSlidingCenterPanelTitleController.m in Sources */ = {isa = PBXBuildFile; fileRef = 24A02A2018E0176300CE993E /* PcycleSlidingCenterPanelTitleController.m */; };
		24A02A2618E13C7700CE993E /* SeparatorLine.png in Resources */ = {isa = PBXBuildFile; fileRef = 24A02A2518E13C7700CE993E /* SeparatorLine.png */; };
		24A02A2818E140C800CE993E /* Start.png in Resources */ = {isa = PBXBuildFile; fileRef = 24A02A2718E140C800CE993E /* Start.png */; };
		24B1737918ED9A8A00765B27 /* PCalculate.m in Sources */ = {isa = PBXBuildFile; fileRef = 24B1737818ED9A8A00765B27 /* PCalculate.m */; };
		24CCCB8D18E159290054EFDC /* LeftPanelBackGround.png in Resources */ = {isa = PBXBuildFile; fileRef = 24CCCB8C18E159290054EFDC /* LeftPanelBackGround.png */; };
		24CCCB9118E172890054EFDC /* CentralCircle.png in Resources */ = {isa = PBXBuildFile; fileRef = 24CCCB9018E172890054EFDC /* CentralCircle.png */; };
		24CCCB9418E182460054EFDC /* corbel.ttf in Resources */ = {isa = PBXBuildFile; fileRef = 24CCCB9318E182460054EFDC /* corbel.ttf */; };
		24FFE90B18DC9C4700BD3389 /* Foundation.framework in Frameworks */ = {isa = PBXBuildFile; fileRef = 24FFE90A18DC9C4700BD3389 /* Foundation.framework */; };
		24FFE90D18DC9C4700BD3389 /* CoreGraphics.framework in Frameworks */ = {isa = PBXBuildFile; fileRef = 24FFE90C18DC9C4700BD3389 /* CoreGraphics.framework */; };
		24FFE90F18DC9C4700BD3389 /* UIKit.framework in Frameworks */ = {isa = PBXBuildFile; fileRef = 24FFE90E18DC9C4700BD3389 /* UIKit.framework */; };
		24FFE91518DC9C4700BD3389 /* InfoPlist.strings in Resources */ = {isa = PBXBuildFile; fileRef = 24FFE91318DC9C4700BD3389 /* InfoPlist.strings */; };
		24FFE91718DC9C4700BD3389 /* main.m in Sources */ = {isa = PBXBuildFile; fileRef = 24FFE91618DC9C4700BD3389 /* main.m */; };
		24FFE91B18DC9C4700BD3389 /* AppDelegate.m in Sources */ = {isa = PBXBuildFile; fileRef = 24FFE91A18DC9C4700BD3389 /* AppDelegate.m */; };
		24FFE91E18DC9C4700BD3389 /* Main.storyboard in Resources */ = {isa = PBXBuildFile; fileRef = 24FFE91C18DC9C4700BD3389 /* Main.storyboard */; };
		24FFE92318DC9C4700BD3389 /* Images.xcassets in Resources */ = {isa = PBXBuildFile; fileRef = 24FFE92218DC9C4700BD3389 /* Images.xcassets */; };
		24FFE92A18DC9C4800BD3389 /* XCTest.framework in Frameworks */ = {isa = PBXBuildFile; fileRef = 24FFE92918DC9C4800BD3389 /* XCTest.framework */; };
		24FFE92B18DC9C4800BD3389 /* Foundation.framework in Frameworks */ = {isa = PBXBuildFile; fileRef = 24FFE90A18DC9C4700BD3389 /* Foundation.framework */; };
		24FFE92C18DC9C4800BD3389 /* UIKit.framework in Frameworks */ = {isa = PBXBuildFile; fileRef = 24FFE90E18DC9C4700BD3389 /* UIKit.framework */; };
		24FFE93418DC9C4800BD3389 /* InfoPlist.strings in Resources */ = {isa = PBXBuildFile; fileRef = 24FFE93218DC9C4800BD3389 /* InfoPlist.strings */; };
		24FFE93618DC9C4800BD3389 /* PcycleTests.m in Sources */ = {isa = PBXBuildFile; fileRef = 24FFE93518DC9C4800BD3389 /* PcycleTests.m */; };
		24FFE94F18DCAD8600BD3389 /* User.m in Sources */ = {isa = PBXBuildFile; fileRef = 24FFE94E18DCAD8600BD3389 /* User.m */; };
		24FFE95318DCBEC000BD3389 /* CyclingData.m in Sources */ = {isa = PBXBuildFile; fileRef = 24FFE95218DCBEC000BD3389 /* CyclingData.m */; };
		24FFE95618DCC8E400BD3389 /* CycleRecords.m in Sources */ = {isa = PBXBuildFile; fileRef = 24FFE95518DCC8E400BD3389 /* CycleRecords.m */; };
/* End PBXBuildFile section */

/* Begin PBXContainerItemProxy section */
		24FFE92D18DC9C4800BD3389 /* PBXContainerItemProxy */ = {
			isa = PBXContainerItemProxy;
			containerPortal = 24FFE8FF18DC9C4700BD3389 /* Project object */;
			proxyType = 1;
			remoteGlobalIDString = 24FFE90618DC9C4700BD3389;
			remoteInfo = Pcycle;
		};
/* End PBXContainerItemProxy section */

/* Begin PBXFileReference section */
		24088BEE18EDE9650081312A /* CoreLocation.framework */ = {isa = PBXFileReference; lastKnownFileType = wrapper.framework; name = CoreLocation.framework; path = System/Library/Frameworks/CoreLocation.framework; sourceTree = SDKROOT; };
		240E90F518EB3FF6000FF2BA /* CoreData.framework */ = {isa = PBXFileReference; lastKnownFileType = wrapper.framework; name = CoreData.framework; path = System/Library/Frameworks/CoreData.framework; sourceTree = SDKROOT; };
		240E90F818EB4018000FF2BA /* PcycleModel.xcdatamodel */ = {isa = PBXFileReference; lastKnownFileType = wrapper.xcdatamodel; path = PcycleModel.xcdatamodel; sourceTree = "<group>"; };
		240E90FA18EB66B3000FF2BA /* PUser.h */ = {isa = PBXFileReference; fileEncoding = 4; lastKnownFileType = sourcecode.c.h; path = PUser.h; sourceTree = "<group>"; };
		240E90FB18EB66B3000FF2BA /* PUser.m */ = {isa = PBXFileReference; fileEncoding = 4; lastKnownFileType = sourcecode.c.objc; path = PUser.m; sourceTree = "<group>"; };
		240E90FD18EB66B4000FF2BA /* PCyclingData.h */ = {isa = PBXFileReference; fileEncoding = 4; lastKnownFileType = sourcecode.c.h; path = PCyclingData.h; sourceTree = "<group>"; };
		240E90FE18EB66B4000FF2BA /* PCyclingData.m */ = {isa = PBXFileReference; fileEncoding = 4; lastKnownFileType = sourcecode.c.objc; path = PCyclingData.m; sourceTree = "<group>"; };
		240E910018EB66B4000FF2BA /* PCycleRecord.h */ = {isa = PBXFileReference; fileEncoding = 4; lastKnownFileType = sourcecode.c.h; path = PCycleRecord.h; sourceTree = "<group>"; };
		240E910118EB66B4000FF2BA /* PCycleRecord.m */ = {isa = PBXFileReference; fileEncoding = 4; lastKnownFileType = sourcecode.c.objc; path = PCycleRecord.m; sourceTree = "<group>"; };
		240E910318EBC6AF000FF2BA /* Stop.png */ = {isa = PBXFileReference; lastKnownFileType = image.png; path = Stop.png; sourceTree = "<group>"; };
		24A029F118DE1AE400CE993E /* SlidingPanelController.h */ = {isa = PBXFileReference; fileEncoding = 4; lastKnownFileType = sourcecode.c.h; path = SlidingPanelController.h; sourceTree = "<group>"; };
		24A029F218DE1AE400CE993E /* SlidingPanelController.m */ = {isa = PBXFileReference; fileEncoding = 4; lastKnownFileType = sourcecode.c.objc; path = SlidingPanelController.m; sourceTree = "<group>"; };
		24A029F318DE1AE400CE993E /* UIViewController+SlidingPanel.h */ = {isa = PBXFileReference; fileEncoding = 4; lastKnownFileType = sourcecode.c.h; path = "UIViewController+SlidingPanel.h"; sourceTree = "<group>"; };
		24A029F418DE1AE400CE993E /* UIViewController+SlidingPanel.m */ = {isa = PBXFileReference; fileEncoding = 4; lastKnownFileType = sourcecode.c.objc; path = "UIViewController+SlidingPanel.m"; sourceTree = "<group>"; };
		24A02A0018DE8EDB00CE993E /* PcycleSlidingPanelController.m */ = {isa = PBXFileReference; fileEncoding = 4; lastKnownFileType = sourcecode.c.objc; path = PcycleSlidingPanelController.m; sourceTree = "<group>"; };
		24A02A0218DE8F0000CE993E /* PcycleSlidingPanelController.h */ = {isa = PBXFileReference; lastKnownFileType = sourcecode.c.h; path = PcycleSlidingPanelController.h; sourceTree = "<group>"; };
		24A02A0318DE9AE900CE993E /* SlidingBaseViewController.h */ = {isa = PBXFileReference; fileEncoding = 4; lastKnownFileType = sourcecode.c.h; path = SlidingBaseViewController.h; sourceTree = "<group>"; };
		24A02A0418DE9AE900CE993E /* SlidingBaseViewController.m */ = {isa = PBXFileReference; fileEncoding = 4; lastKnownFileType = sourcecode.c.objc; path = SlidingBaseViewController.m; sourceTree = "<group>"; };
		24A02A0F18DE9E2700CE993E /* SlidingCenterViewController.h */ = {isa = PBXFileReference; fileEncoding = 4; lastKnownFileType = sourcecode.c.h; path = SlidingCenterViewController.h; sourceTree = "<group>"; };
		24A02A1018DE9E2700CE993E /* SlidingCenterViewController.m */ = {isa = PBXFileReference; fileEncoding = 4; lastKnownFileType = sourcecode.c.objc; path = SlidingCenterViewController.m; sourceTree = "<group>"; };
		24A02A1218DE9E7100CE993E /* SlidingLeftViewController.m */ = {isa = PBXFileReference; fileEncoding = 4; lastKnownFileType = sourcecode.c.objc; path = SlidingLeftViewController.m; sourceTree = "<group>"; };
		24A02A1418DE9E8F00CE993E /* SlidingLeftViewController.h */ = {isa = PBXFileReference; lastKnownFileType = sourcecode.c.h; path = SlidingLeftViewController.h; sourceTree = "<group>"; };
		24A02A1618DE9F1700CE993E /* SlidingRightViewController.m */ = {isa = PBXFileReference; fileEncoding = 4; lastKnownFileType = sourcecode.c.objc; path = SlidingRightViewController.m; sourceTree = "<group>"; };
		24A02A1818DE9F3C00CE993E /* SlidingRightViewController.h */ = {isa = PBXFileReference; lastKnownFileType = sourcecode.c.h; path = SlidingRightViewController.h; sourceTree = "<group>"; };
		24A02A1A18DFED9800CE993E /* CenterPanelTitle.png */ = {isa = PBXFileReference; lastKnownFileType = image.png; path = CenterPanelTitle.png; sourceTree = "<group>"; };
		24A02A1C18E002A000CE993E /* Moreservice.png */ = {isa = PBXFileReference; lastKnownFileType = image.png; path = Moreservice.png; sourceTree = "<group>"; };
		24A02A1D18E002A000CE993E /* Synchronization.png */ = {isa = PBXFileReference; lastKnownFileType = image.png; path = Synchronization.png; sourceTree = "<group>"; };
		24A02A2018E0176300CE993E /* PcycleSlidingCenterPanelTitleController.m */ = {isa = PBXFileReference; fileEncoding = 4; lastKnownFileType = sourcecode.c.objc; path = PcycleSlidingCenterPanelTitleController.m; sourceTree = "<group>"; };
		24A02A2218E0178D00CE993E /* PcycleSlidingCenterPanelTitleController.h */ = {isa = PBXFileReference; lastKnownFileType = sourcecode.c.h; path = PcycleSlidingCenterPanelTitleController.h; sourceTree = "<group>"; };
		24A02A2518E13C7700CE993E /* SeparatorLine.png */ = {isa = PBXFileReference; lastKnownFileType = image.png; path = SeparatorLine.png; sourceTree = "<group>"; };
		24A02A2718E140C800CE993E /* Start.png */ = {isa = PBXFileReference; lastKnownFileType = image.png; path = Start.png; sourceTree = "<group>"; };
		24B1737718ED9A6400765B27 /* PCalculate.h */ = {isa = PBXFileReference; lastKnownFileType = sourcecode.c.h; path = PCalculate.h; sourceTree = "<group>"; };
		24B1737818ED9A8A00765B27 /* PCalculate.m */ = {isa = PBXFileReference; fileEncoding = 4; lastKnownFileType = sourcecode.c.objc; path = PCalculate.m; sourceTree = "<group>"; };
		24CCCB8C18E159290054EFDC /* LeftPanelBackGround.png */ = {isa = PBXFileReference; lastKnownFileType = image.png; path = LeftPanelBackGround.png; sourceTree = "<group>"; };
		24CCCB9018E172890054EFDC /* CentralCircle.png */ = {isa = PBXFileReference; lastKnownFileType = image.png; path = CentralCircle.png; sourceTree = "<group>"; };
		24CCCB9318E182460054EFDC /* corbel.ttf */ = {isa = PBXFileReference; lastKnownFileType = file; path = corbel.ttf; sourceTree = "<group>"; };
		24FFE90718DC9C4700BD3389 /* Pcycle.app */ = {isa = PBXFileReference; explicitFileType = wrapper.application; includeInIndex = 0; path = Pcycle.app; sourceTree = BUILT_PRODUCTS_DIR; };
		24FFE90A18DC9C4700BD3389 /* Foundation.framework */ = {isa = PBXFileReference; lastKnownFileType = wrapper.framework; name = Foundation.framework; path = System/Library/Frameworks/Foundation.framework; sourceTree = SDKROOT; };
		24FFE90C18DC9C4700BD3389 /* CoreGraphics.framework */ = {isa = PBXFileReference; lastKnownFileType = wrapper.framework; name = CoreGraphics.framework; path = System/Library/Frameworks/CoreGraphics.framework; sourceTree = SDKROOT; };
		24FFE90E18DC9C4700BD3389 /* UIKit.framework */ = {isa = PBXFileReference; lastKnownFileType = wrapper.framework; name = UIKit.framework; path = System/Library/Frameworks/UIKit.framework; sourceTree = SDKROOT; };
		24FFE91218DC9C4700BD3389 /* Pcycle-Info.plist */ = {isa = PBXFileReference; lastKnownFileType = text.plist.xml; path = "Pcycle-Info.plist"; sourceTree = "<group>"; };
		24FFE91418DC9C4700BD3389 /* en */ = {isa = PBXFileReference; lastKnownFileType = text.plist.strings; name = en; path = en.lproj/InfoPlist.strings; sourceTree = "<group>"; };
		24FFE91618DC9C4700BD3389 /* main.m */ = {isa = PBXFileReference; lastKnownFileType = sourcecode.c.objc; path = main.m; sourceTree = "<group>"; };
		24FFE91818DC9C4700BD3389 /* Pcycle-Prefix.pch */ = {isa = PBXFileReference; lastKnownFileType = sourcecode.c.h; path = "Pcycle-Prefix.pch"; sourceTree = "<group>"; };
		24FFE91918DC9C4700BD3389 /* AppDelegate.h */ = {isa = PBXFileReference; lastKnownFileType = sourcecode.c.h; path = AppDelegate.h; sourceTree = "<group>"; };
		24FFE91A18DC9C4700BD3389 /* AppDelegate.m */ = {isa = PBXFileReference; lastKnownFileType = sourcecode.c.objc; path = AppDelegate.m; sourceTree = "<group>"; };
		24FFE91D18DC9C4700BD3389 /* Base */ = {isa = PBXFileReference; lastKnownFileType = file.storyboard; name = Base; path = Base.lproj/Main.storyboard; sourceTree = "<group>"; };
		24FFE92218DC9C4700BD3389 /* Images.xcassets */ = {isa = PBXFileReference; lastKnownFileType = folder.assetcatalog; path = Images.xcassets; sourceTree = "<group>"; };
		24FFE92818DC9C4800BD3389 /* PcycleTests.xctest */ = {isa = PBXFileReference; explicitFileType = wrapper.cfbundle; includeInIndex = 0; path = PcycleTests.xctest; sourceTree = BUILT_PRODUCTS_DIR; };
		24FFE92918DC9C4800BD3389 /* XCTest.framework */ = {isa = PBXFileReference; lastKnownFileType = wrapper.framework; name = XCTest.framework; path = Library/Frameworks/XCTest.framework; sourceTree = DEVELOPER_DIR; };
		24FFE93118DC9C4800BD3389 /* PcycleTests-Info.plist */ = {isa = PBXFileReference; lastKnownFileType = text.plist.xml; path = "PcycleTests-Info.plist"; sourceTree = "<group>"; };
		24FFE93318DC9C4800BD3389 /* en */ = {isa = PBXFileReference; lastKnownFileType = text.plist.strings; name = en; path = en.lproj/InfoPlist.strings; sourceTree = "<group>"; };
		24FFE93518DC9C4800BD3389 /* PcycleTests.m */ = {isa = PBXFileReference; lastKnownFileType = sourcecode.c.objc; path = PcycleTests.m; sourceTree = "<group>"; };
		24FFE94E18DCAD8600BD3389 /* User.m */ = {isa = PBXFileReference; fileEncoding = 4; lastKnownFileType = sourcecode.c.objc; path = User.m; sourceTree = "<group>"; };
		24FFE95018DCADA100BD3389 /* User.h */ = {isa = PBXFileReference; lastKnownFileType = sourcecode.c.h; path = User.h; sourceTree = "<group>"; };
		24FFE95118DCB60F00BD3389 /* AppDefaultAndConstValue.h */ = {isa = PBXFileReference; lastKnownFileType = sourcecode.c.h; path = AppDefaultAndConstValue.h; sourceTree = "<group>"; };
		24FFE95218DCBEC000BD3389 /* CyclingData.m */ = {isa = PBXFileReference; fileEncoding = 4; lastKnownFileType = sourcecode.c.objc; path = CyclingData.m; sourceTree = "<group>"; };
		24FFE95418DCBED000BD3389 /* CyclingData.h */ = {isa = PBXFileReference; lastKnownFileType = sourcecode.c.h; path = CyclingData.h; sourceTree = "<group>"; };
		24FFE95518DCC8E400BD3389 /* CycleRecords.m */ = {isa = PBXFileReference; fileEncoding = 4; lastKnownFileType = sourcecode.c.objc; path = CycleRecords.m; sourceTree = "<group>"; };
		24FFE95718DCC8FA00BD3389 /* CycleRecords.h */ = {isa = PBXFileReference; lastKnownFileType = sourcecode.c.h; path = CycleRecords.h; sourceTree = "<group>"; };
/* End PBXFileReference section */

/* Begin PBXFrameworksBuildPhase section */
		24FFE90418DC9C4700BD3389 /* Frameworks */ = {
			isa = PBXFrameworksBuildPhase;
			buildActionMask = 2147483647;
			files = (
				24088BEF18EDE9650081312A /* CoreLocation.framework in Frameworks */,
				240E90F618EB3FF6000FF2BA /* CoreData.framework in Frameworks */,
				24FFE90D18DC9C4700BD3389 /* CoreGraphics.framework in Frameworks */,
				24FFE90F18DC9C4700BD3389 /* UIKit.framework in Frameworks */,
				24FFE90B18DC9C4700BD3389 /* Foundation.framework in Frameworks */,
			);
			runOnlyForDeploymentPostprocessing = 0;
		};
		24FFE92518DC9C4800BD3389 /* Frameworks */ = {
			isa = PBXFrameworksBuildPhase;
			buildActionMask = 2147483647;
			files = (
				24FFE92A18DC9C4800BD3389 /* XCTest.framework in Frameworks */,
				24FFE92C18DC9C4800BD3389 /* UIKit.framework in Frameworks */,
				24FFE92B18DC9C4800BD3389 /* Foundation.framework in Frameworks */,
			);
			runOnlyForDeploymentPostprocessing = 0;
		};
/* End PBXFrameworksBuildPhase section */

/* Begin PBXGroup section */
		24A029F018DE1ACD00CE993E /* SlidingPanel */ = {
			isa = PBXGroup;
			children = (
				24A029F118DE1AE400CE993E /* SlidingPanelController.h */,
				24A029F218DE1AE400CE993E /* SlidingPanelController.m */,
				24A029F318DE1AE400CE993E /* UIViewController+SlidingPanel.h */,
				24A029F418DE1AE400CE993E /* UIViewController+SlidingPanel.m */,
			);
			name = SlidingPanel;
			sourceTree = "<group>";
		};
		24A02A1918DEA17A00CE993E /* SlideView */ = {
			isa = PBXGroup;
			children = (
				24A02A2018E0176300CE993E /* PcycleSlidingCenterPanelTitleController.m */,
				24A02A2218E0178D00CE993E /* PcycleSlidingCenterPanelTitleController.h */,
				24A02A1218DE9E7100CE993E /* SlidingLeftViewController.m */,
				24A02A1418DE9E8F00CE993E /* SlidingLeftViewController.h */,
				24A02A1618DE9F1700CE993E /* SlidingRightViewController.m */,
				24A02A1818DE9F3C00CE993E /* SlidingRightViewController.h */,
				24A02A0F18DE9E2700CE993E /* SlidingCenterViewController.h */,
				24A02A1018DE9E2700CE993E /* SlidingCenterViewController.m */,
				24A02A0318DE9AE900CE993E /* SlidingBaseViewController.h */,
				24A02A0418DE9AE900CE993E /* SlidingBaseViewController.m */,
			);
			name = SlideView;
			sourceTree = "<group>";
		};
		24CCCB9218E181FA0054EFDC /* Font */ = {
			isa = PBXGroup;
			children = (
				24CCCB9318E182460054EFDC /* corbel.ttf */,
			);
			name = Font;
			sourceTree = "<group>";
		};
		24FFE8FE18DC9C4700BD3389 = {
			isa = PBXGroup;
			children = (
				24FFE91018DC9C4700BD3389 /* Pcycle */,
				24FFE92F18DC9C4800BD3389 /* PcycleTests */,
				24FFE90918DC9C4700BD3389 /* Frameworks */,
				24FFE90818DC9C4700BD3389 /* Products */,
			);
			sourceTree = "<group>";
		};
		24FFE90818DC9C4700BD3389 /* Products */ = {
			isa = PBXGroup;
			children = (
				24FFE90718DC9C4700BD3389 /* Pcycle.app */,
				24FFE92818DC9C4800BD3389 /* PcycleTests.xctest */,
			);
			name = Products;
			sourceTree = "<group>";
		};
		24FFE90918DC9C4700BD3389 /* Frameworks */ = {
			isa = PBXGroup;
			children = (
				24088BEE18EDE9650081312A /* CoreLocation.framework */,
				240E90F518EB3FF6000FF2BA /* CoreData.framework */,
				24FFE90A18DC9C4700BD3389 /* Foundation.framework */,
				24FFE90C18DC9C4700BD3389 /* CoreGraphics.framework */,
				24FFE90E18DC9C4700BD3389 /* UIKit.framework */,
				24FFE92918DC9C4800BD3389 /* XCTest.framework */,
			);
			name = Frameworks;
			sourceTree = "<group>";
		};
		24FFE91018DC9C4700BD3389 /* Pcycle */ = {
			isa = PBXGroup;
			children = (
				24FFE94518DCAA3600BD3389 /* AppDelegate */,
				24FFE94418DCA9CF00BD3389 /* VisualBoard */,
				24FFE94218DCA76F00BD3389 /* PersistenceLayer */,
				24FFE94118DCA74C00BD3389 /* BusinessLogicLayer */,
				24FFE94018DCA5AC00BD3389 /* PresentationLayer */,
				24FFE91118DC9C4700BD3389 /* Supporting Files */,
			);
			path = Pcycle;
			sourceTree = "<group>";
		};
		24FFE91118DC9C4700BD3389 /* Supporting Files */ = {
			isa = PBXGroup;
			children = (
				24CCCB9218E181FA0054EFDC /* Font */,
				24FFE94718DCAAAB00BD3389 /* DefaultAndSetting */,
				24FFE94618DCAA8B00BD3389 /* Images */,
			);
			name = "Supporting Files";
			sourceTree = "<group>";
		};
		24FFE92F18DC9C4800BD3389 /* PcycleTests */ = {
			isa = PBXGroup;
			children = (
				24FFE93518DC9C4800BD3389 /* PcycleTests.m */,
				24FFE93018DC9C4800BD3389 /* Supporting Files */,
			);
			path = PcycleTests;
			sourceTree = "<group>";
		};
		24FFE93018DC9C4800BD3389 /* Supporting Files */ = {
			isa = PBXGroup;
			children = (
				24FFE93118DC9C4800BD3389 /* PcycleTests-Info.plist */,
				24FFE93218DC9C4800BD3389 /* InfoPlist.strings */,
			);
			name = "Supporting Files";
			sourceTree = "<group>";
		};
		24FFE93F18DCA59600BD3389 /* Entity */ = {
			isa = PBXGroup;
			children = (
				240E910018EB66B4000FF2BA /* PCycleRecord.h */,
				240E910118EB66B4000FF2BA /* PCycleRecord.m */,
				240E90FD18EB66B4000FF2BA /* PCyclingData.h */,
				240E90FE18EB66B4000FF2BA /* PCyclingData.m */,
				240E90FA18EB66B3000FF2BA /* PUser.h */,
				240E90FB18EB66B3000FF2BA /* PUser.m */,
				24FFE94E18DCAD8600BD3389 /* User.m */,
				24FFE95018DCADA100BD3389 /* User.h */,
				24FFE95218DCBEC000BD3389 /* CyclingData.m */,
				24FFE95418DCBED000BD3389 /* CyclingData.h */,
				24FFE95518DCC8E400BD3389 /* CycleRecords.m */,
				24FFE95718DCC8FA00BD3389 /* CycleRecords.h */,
			);
			name = Entity;
			sourceTree = "<group>";
		};
		24FFE94018DCA5AC00BD3389 /* PresentationLayer */ = {
			isa = PBXGroup;
			children = (
				24A02A1918DEA17A00CE993E /* SlideView */,
				24A029F018DE1ACD00CE993E /* SlidingPanel */,
				24A02A0018DE8EDB00CE993E /* PcycleSlidingPanelController.m */,
				24A02A0218DE8F0000CE993E /* PcycleSlidingPanelController.h */,
			);
			name = PresentationLayer;
			sourceTree = "<group>";
		};
		24FFE94118DCA74C00BD3389 /* BusinessLogicLayer */ = {
			isa = PBXGroup;
			children = (
				24B1737718ED9A6400765B27 /* PCalculate.h */,
				24B1737818ED9A8A00765B27 /* PCalculate.m */,
			);
			name = BusinessLogicLayer;
			sourceTree = "<group>";
		};
		24FFE94218DCA76F00BD3389 /* PersistenceLayer */ = {
			isa = PBXGroup;
			children = (
				24FFE94318DCA79800BD3389 /* Dao */,
				24FFE93F18DCA59600BD3389 /* Entity */,
			);
			name = PersistenceLayer;
			sourceTree = "<group>";
		};
		24FFE94318DCA79800BD3389 /* Dao */ = {
			isa = PBXGroup;
			children = (
			);
			name = Dao;
			sourceTree = "<group>";
		};
		24FFE94418DCA9CF00BD3389 /* VisualBoard */ = {
			isa = PBXGroup;
			children = (
				240E90F718EB4018000FF2BA /* PcycleModel.xcdatamodeld */,
				24FFE91C18DC9C4700BD3389 /* Main.storyboard */,
				24FFE92218DC9C4700BD3389 /* Images.xcassets */,
			);
			name = VisualBoard;
			sourceTree = "<group>";
		};
		24FFE94518DCAA3600BD3389 /* AppDelegate */ = {
			isa = PBXGroup;
			children = (
				24FFE91918DC9C4700BD3389 /* AppDelegate.h */,
				24FFE91A18DC9C4700BD3389 /* AppDelegate.m */,
			);
			name = AppDelegate;
			sourceTree = "<group>";
		};
		24FFE94618DCAA8B00BD3389 /* Images */ = {
			isa = PBXGroup;
			children = (
				240E910318EBC6AF000FF2BA /* Stop.png */,
				24CCCB9018E172890054EFDC /* CentralCircle.png */,
				24CCCB8C18E159290054EFDC /* LeftPanelBackGround.png */,
				24A02A2718E140C800CE993E /* Start.png */,
				24A02A2518E13C7700CE993E /* SeparatorLine.png */,
				24A02A1C18E002A000CE993E /* Moreservice.png */,
				24A02A1D18E002A000CE993E /* Synchronization.png */,
				24A02A1A18DFED9800CE993E /* CenterPanelTitle.png */,
			);
			name = Images;
			sourceTree = "<group>";
		};
		24FFE94718DCAAAB00BD3389 /* DefaultAndSetting */ = {
			isa = PBXGroup;
			children = (
				24FFE91218DC9C4700BD3389 /* Pcycle-Info.plist */,
				24FFE91318DC9C4700BD3389 /* InfoPlist.strings */,
				24FFE91618DC9C4700BD3389 /* main.m */,
				24FFE91818DC9C4700BD3389 /* Pcycle-Prefix.pch */,
				24FFE95118DCB60F00BD3389 /* AppDefaultAndConstValue.h */,
			);
			name = DefaultAndSetting;
			sourceTree = "<group>";
		};
/* End PBXGroup section */

/* Begin PBXNativeTarget section */
		24FFE90618DC9C4700BD3389 /* Pcycle */ = {
			isa = PBXNativeTarget;
			buildConfigurationList = 24FFE93918DC9C4800BD3389 /* Build configuration list for PBXNativeTarget "Pcycle" */;
			buildPhases = (
				24FFE90318DC9C4700BD3389 /* Sources */,
				24FFE90418DC9C4700BD3389 /* Frameworks */,
				24FFE90518DC9C4700BD3389 /* Resources */,
			);
			buildRules = (
			);
			dependencies = (
			);
			name = Pcycle;
			productName = Pcycle;
			productReference = 24FFE90718DC9C4700BD3389 /* Pcycle.app */;
			productType = "com.apple.product-type.application";
		};
		24FFE92718DC9C4800BD3389 /* PcycleTests */ = {
			isa = PBXNativeTarget;
			buildConfigurationList = 24FFE93C18DC9C4800BD3389 /* Build configuration list for PBXNativeTarget "PcycleTests" */;
			buildPhases = (
				24FFE92418DC9C4800BD3389 /* Sources */,
				24FFE92518DC9C4800BD3389 /* Frameworks */,
				24FFE92618DC9C4800BD3389 /* Resources */,
			);
			buildRules = (
			);
			dependencies = (
				24FFE92E18DC9C4800BD3389 /* PBXTargetDependency */,
			);
			name = PcycleTests;
			productName = PcycleTests;
			productReference = 24FFE92818DC9C4800BD3389 /* PcycleTests.xctest */;
			productType = "com.apple.product-type.bundle.unit-test";
		};
/* End PBXNativeTarget section */

/* Begin PBXProject section */
		24FFE8FF18DC9C4700BD3389 /* Project object */ = {
			isa = PBXProject;
			attributes = {
				LastUpgradeCheck = 0500;
				ORGANIZATIONNAME = Shun;
				TargetAttributes = {
					24FFE92718DC9C4800BD3389 = {
						TestTargetID = 24FFE90618DC9C4700BD3389;
					};
				};
			};
			buildConfigurationList = 24FFE90218DC9C4700BD3389 /* Build configuration list for PBXProject "Pcycle" */;
			compatibilityVersion = "Xcode 3.2";
			developmentRegion = English;
			hasScannedForEncodings = 0;
			knownRegions = (
				en,
				Base,
			);
			mainGroup = 24FFE8FE18DC9C4700BD3389;
			productRefGroup = 24FFE90818DC9C4700BD3389 /* Products */;
			projectDirPath = "";
			projectRoot = "";
			targets = (
				24FFE90618DC9C4700BD3389 /* Pcycle */,
				24FFE92718DC9C4800BD3389 /* PcycleTests */,
			);
		};
/* End PBXProject section */

/* Begin PBXResourcesBuildPhase section */
		24FFE90518DC9C4700BD3389 /* Resources */ = {
			isa = PBXResourcesBuildPhase;
			buildActionMask = 2147483647;
			files = (
				24CCCB9118E172890054EFDC /* CentralCircle.png in Resources */,
				24A02A1B18DFED9800CE993E /* CenterPanelTitle.png in Resources */,
				24A02A1E18E002A000CE993E /* Moreservice.png in Resources */,
				24A02A2818E140C800CE993E /* Start.png in Resources */,
				24A02A2618E13C7700CE993E /* SeparatorLine.png in Resources */,
				24A02A1F18E002A000CE993E /* Synchronization.png in Resources */,
				24FFE92318DC9C4700BD3389 /* Images.xcassets in Resources */,
				24FFE91518DC9C4700BD3389 /* InfoPlist.strings in Resources */,
				24FFE91E18DC9C4700BD3389 /* Main.storyboard in Resources */,
				240E910418EBC6AF000FF2BA /* Stop.png in Resources */,
				24CCCB9418E182460054EFDC /* corbel.ttf in Resources */,
				24CCCB8D18E159290054EFDC /* LeftPanelBackGround.png in Resources */,
			);
			runOnlyForDeploymentPostprocessing = 0;
		};
		24FFE92618DC9C4800BD3389 /* Resources */ = {
			isa = PBXResourcesBuildPhase;
			buildActionMask = 2147483647;
			files = (
				24FFE93418DC9C4800BD3389 /* InfoPlist.strings in Resources */,
			);
			runOnlyForDeploymentPostprocessing = 0;
		};
/* End PBXResourcesBuildPhase section */

/* Begin PBXSourcesBuildPhase section */
		24FFE90318DC9C4700BD3389 /* Sources */ = {
			isa = PBXSourcesBuildPhase;
			buildActionMask = 2147483647;
			files = (
				240E90FC18EB66B3000FF2BA /* PUser.m in Sources */,
				24FFE95318DCBEC000BD3389 /* CyclingData.m in Sources */,
				240E90F918EB4018000FF2BA /* PcycleModel.xcdatamodeld in Sources */,
				24FFE94F18DCAD8600BD3389 /* User.m in Sources */,
				24A02A1718DE9F1700CE993E /* SlidingRightViewController.m in Sources */,
				24A02A1118DE9E2700CE993E /* SlidingCenterViewController.m in Sources */,
				24A029F618DE1AE400CE993E /* UIViewController+SlidingPanel.m in Sources */,
				24B1737918ED9A8A00765B27 /* PCalculate.m in Sources */,
				24A029F518DE1AE400CE993E /* SlidingPanelController.m in Sources */,
				24FFE91B18DC9C4700BD3389 /* AppDelegate.m in Sources */,
				24FFE91718DC9C4700BD3389 /* main.m in Sources */,
				24FFE95618DCC8E400BD3389 /* CycleRecords.m in Sources */,
				240E910218EB66B4000FF2BA /* PCycleRecord.m in Sources */,
				24A02A2118E0176300CE993E /* PcycleSlidingCenterPanelTitleController.m in Sources */,
				240E90FF18EB66B4000FF2BA /* PCyclingData.m in Sources */,
				24A02A1318DE9E7100CE993E /* SlidingLeftViewController.m in Sources */,
				24A02A0118DE8EDB00CE993E /* PcycleSlidingPanelController.m in Sources */,
				24A02A0518DE9AE900CE993E /* SlidingBaseViewController.m in Sources */,
			);
			runOnlyForDeploymentPostprocessing = 0;
		};
		24FFE92418DC9C4800BD3389 /* Sources */ = {
			isa = PBXSourcesBuildPhase;
			buildActionMask = 2147483647;
			files = (
				24FFE93618DC9C4800BD3389 /* PcycleTests.m in Sources */,
			);
			runOnlyForDeploymentPostprocessing = 0;
		};
/* End PBXSourcesBuildPhase section */

/* Begin PBXTargetDependency section */
		24FFE92E18DC9C4800BD3389 /* PBXTargetDependency */ = {
			isa = PBXTargetDependency;
			target = 24FFE90618DC9C4700BD3389 /* Pcycle */;
			targetProxy = 24FFE92D18DC9C4800BD3389 /* PBXContainerItemProxy */;
		};
/* End PBXTargetDependency section */

/* Begin PBXVariantGroup section */
		24FFE91318DC9C4700BD3389 /* InfoPlist.strings */ = {
			isa = PBXVariantGroup;
			children = (
				24FFE91418DC9C4700BD3389 /* en */,
			);
			name = InfoPlist.strings;
			sourceTree = "<group>";
		};
		24FFE91C18DC9C4700BD3389 /* Main.storyboard */ = {
			isa = PBXVariantGroup;
			children = (
				24FFE91D18DC9C4700BD3389 /* Base */,
			);
			name = Main.storyboard;
			sourceTree = "<group>";
		};
		24FFE93218DC9C4800BD3389 /* InfoPlist.strings */ = {
			isa = PBXVariantGroup;
			children = (
				24FFE93318DC9C4800BD3389 /* en */,
			);
			name = InfoPlist.strings;
			sourceTree = "<group>";
		};
/* End PBXVariantGroup section */

/* Begin XCBuildConfiguration section */
		24FFE93718DC9C4800BD3389 /* Debug */ = {
			isa = XCBuildConfiguration;
			buildSettings = {
				ALWAYS_SEARCH_USER_PATHS = NO;
				ARCHS = "$(ARCHS_STANDARD_INCLUDING_64_BIT)";
				CLANG_CXX_LANGUAGE_STANDARD = "gnu++0x";
				CLANG_CXX_LIBRARY = "libc++";
				CLANG_ENABLE_MODULES = YES;
				CLANG_ENABLE_OBJC_ARC = YES;
				CLANG_WARN_BOOL_CONVERSION = YES;
				CLANG_WARN_CONSTANT_CONVERSION = YES;
				CLANG_WARN_DIRECT_OBJC_ISA_USAGE = YES_ERROR;
				CLANG_WARN_EMPTY_BODY = YES;
				CLANG_WARN_ENUM_CONVERSION = YES;
				CLANG_WARN_INT_CONVERSION = YES;
				CLANG_WARN_OBJC_ROOT_CLASS = YES_ERROR;
				CLANG_WARN__DUPLICATE_METHOD_MATCH = YES;
				"CODE_SIGN_IDENTITY[sdk=iphoneos*]" = "iPhone Developer";
				COPY_PHASE_STRIP = NO;
				GCC_C_LANGUAGE_STANDARD = gnu99;
				GCC_DYNAMIC_NO_PIC = NO;
				GCC_OPTIMIZATION_LEVEL = 0;
				GCC_PREPROCESSOR_DEFINITIONS = (
					"DEBUG=1",
					"$(inherited)",
				);
				GCC_SYMBOLS_PRIVATE_EXTERN = NO;
				GCC_WARN_64_TO_32_BIT_CONVERSION = YES;
				GCC_WARN_ABOUT_RETURN_TYPE = YES_ERROR;
				GCC_WARN_UNDECLARED_SELECTOR = YES;
				GCC_WARN_UNINITIALIZED_AUTOS = YES;
				GCC_WARN_UNUSED_FUNCTION = YES;
				GCC_WARN_UNUSED_VARIABLE = YES;
				IPHONEOS_DEPLOYMENT_TARGET = 7.0;
				ONLY_ACTIVE_ARCH = YES;
				SDKROOT = iphoneos;
			};
			name = Debug;
		};
		24FFE93818DC9C4800BD3389 /* Release */ = {
			isa = XCBuildConfiguration;
			buildSettings = {
				ALWAYS_SEARCH_USER_PATHS = NO;
				ARCHS = "$(ARCHS_STANDARD_INCLUDING_64_BIT)";
				CLANG_CXX_LANGUAGE_STANDARD = "gnu++0x";
				CLANG_CXX_LIBRARY = "libc++";
				CLANG_ENABLE_MODULES = YES;
				CLANG_ENABLE_OBJC_ARC = YES;
				CLANG_WARN_BOOL_CONVERSION = YES;
				CLANG_WARN_CONSTANT_CONVERSION = YES;
				CLANG_WARN_DIRECT_OBJC_ISA_USAGE = YES_ERROR;
				CLANG_WARN_EMPTY_BODY = YES;
				CLANG_WARN_ENUM_CONVERSION = YES;
				CLANG_WARN_INT_CONVERSION = YES;
				CLANG_WARN_OBJC_ROOT_CLASS = YES_ERROR;
				CLANG_WARN__DUPLICATE_METHOD_MATCH = YES;
				"CODE_SIGN_IDENTITY[sdk=iphoneos*]" = "iPhone Developer";
				COPY_PHASE_STRIP = YES;
				ENABLE_NS_ASSERTIONS = NO;
				GCC_C_LANGUAGE_STANDARD = gnu99;
				GCC_WARN_64_TO_32_BIT_CONVERSION = YES;
				GCC_WARN_ABOUT_RETURN_TYPE = YES_ERROR;
				GCC_WARN_UNDECLARED_SELECTOR = YES;
				GCC_WARN_UNINITIALIZED_AUTOS = YES;
				GCC_WARN_UNUSED_FUNCTION = YES;
				GCC_WARN_UNUSED_VARIABLE = YES;
				IPHONEOS_DEPLOYMENT_TARGET = 7.0;
				SDKROOT = iphoneos;
				VALIDATE_PRODUCT = YES;
			};
			name = Release;
		};
		24FFE93A18DC9C4800BD3389 /* Debug */ = {
			isa = XCBuildConfiguration;
			buildSettings = {
				ASSETCATALOG_COMPILER_APPICON_NAME = AppIcon;
				ASSETCATALOG_COMPILER_LAUNCHIMAGE_NAME = LaunchImage;
				GCC_PRECOMPILE_PREFIX_HEADER = YES;
				GCC_PREFIX_HEADER = "Pcycle/Pcycle-Prefix.pch";
				INFOPLIST_FILE = "Pcycle/Pcycle-Info.plist";
				IPHONEOS_DEPLOYMENT_TARGET = 6.1;
				PRODUCT_NAME = "$(TARGET_NAME)";
				WRAPPER_EXTENSION = app;
			};
			name = Debug;
		};
		24FFE93B18DC9C4800BD3389 /* Release */ = {
			isa = XCBuildConfiguration;
			buildSettings = {
				ASSETCATALOG_COMPILER_APPICON_NAME = AppIcon;
				ASSETCATALOG_COMPILER_LAUNCHIMAGE_NAME = LaunchImage;
				GCC_PRECOMPILE_PREFIX_HEADER = YES;
				GCC_PREFIX_HEADER = "Pcycle/Pcycle-Prefix.pch";
				INFOPLIST_FILE = "Pcycle/Pcycle-Info.plist";
				IPHONEOS_DEPLOYMENT_TARGET = 6.1;
				PRODUCT_NAME = "$(TARGET_NAME)";
				WRAPPER_EXTENSION = app;
			};
			name = Release;
		};
		24FFE93D18DC9C4800BD3389 /* Debug */ = {
			isa = XCBuildConfiguration;
			buildSettings = {
				ARCHS = "$(ARCHS_STANDARD_INCLUDING_64_BIT)";
				BUNDLE_LOADER = "$(BUILT_PRODUCTS_DIR)/Pcycle.app/Pcycle";
				FRAMEWORK_SEARCH_PATHS = (
					"$(SDKROOT)/Developer/Library/Frameworks",
					"$(inherited)",
					"$(DEVELOPER_FRAMEWORKS_DIR)",
				);
				GCC_PRECOMPILE_PREFIX_HEADER = YES;
				GCC_PREFIX_HEADER = "Pcycle/Pcycle-Prefix.pch";
				GCC_PREPROCESSOR_DEFINITIONS = (
					"DEBUG=1",
					"$(inherited)",
				);
				INFOPLIST_FILE = "PcycleTests/PcycleTests-Info.plist";
				PRODUCT_NAME = "$(TARGET_NAME)";
				TEST_HOST = "$(BUNDLE_LOADER)";
				WRAPPER_EXTENSION = xctest;
			};
			name = Debug;
		};
		24FFE93E18DC9C4800BD3389 /* Release */ = {
			isa = XCBuildConfiguration;
			buildSettings = {
				ARCHS = "$(ARCHS_STANDARD_INCLUDING_64_BIT)";
				BUNDLE_LOADER = "$(BUILT_PRODUCTS_DIR)/Pcycle.app/Pcycle";
				FRAMEWORK_SEARCH_PATHS = (
					"$(SDKROOT)/Developer/Library/Frameworks",
					"$(inherited)",
					"$(DEVELOPER_FRAMEWORKS_DIR)",
				);
				GCC_PRECOMPILE_PREFIX_HEADER = YES;
				GCC_PREFIX_HEADER = "Pcycle/Pcycle-Prefix.pch";
				INFOPLIST_FILE = "PcycleTests/PcycleTests-Info.plist";
				PRODUCT_NAME = "$(TARGET_NAME)";
				TEST_HOST = "$(BUNDLE_LOADER)";
				WRAPPER_EXTENSION = xctest;
			};
			name = Release;
		};
/* End XCBuildConfiguration section */

/* Begin XCConfigurationList section */
		24FFE90218DC9C4700BD3389 /* Build configuration list for PBXProject "Pcycle" */ = {
			isa = XCConfigurationList;
			buildConfigurations = (
				24FFE93718DC9C4800BD3389 /* Debug */,
				24FFE93818DC9C4800BD3389 /* Release */,
			);
			defaultConfigurationIsVisible = 0;
			defaultConfigurationName = Release;
		};
		24FFE93918DC9C4800BD3389 /* Build configuration list for PBXNativeTarget "Pcycle" */ = {
			isa = XCConfigurationList;
			buildConfigurations = (
				24FFE93A18DC9C4800BD3389 /* Debug */,
				24FFE93B18DC9C4800BD3389 /* Release */,
			);
			defaultConfigurationIsVisible = 0;
			defaultConfigurationName = Release;
		};
		24FFE93C18DC9C4800BD3389 /* Build configuration list for PBXNativeTarget "PcycleTests" */ = {
			isa = XCConfigurationList;
			buildConfigurations = (
				24FFE93D18DC9C4800BD3389 /* Debug */,
				24FFE93E18DC9C4800BD3389 /* Release */,
			);
			defaultConfigurationIsVisible = 0;
			defaultConfigurationName = Release;
		};
/* End XCConfigurationList section */

/* Begin XCVersionGroup section */
		240E90F718EB4018000FF2BA /* PcycleModel.xcdatamodeld */ = {
			isa = XCVersionGroup;
			children = (
				240E90F818EB4018000FF2BA /* PcycleModel.xcdatamodel */,
			);
			currentVersion = 240E90F818EB4018000FF2BA /* PcycleModel.xcdatamodel */;
			path = PcycleModel.xcdatamodeld;
			sourceTree = SOURCE_ROOT;
			versionGroupType = wrapper.xcdatamodel;
		};
/* End XCVersionGroup section */
	};
	rootObject = 24FFE8FF18DC9C4700BD3389 /* Project object */;
}
